{
  "name": "nomo-app",
  "lockfileVersion": 3,
  "requires": true,
  "packages": {
    "": {
      "dependencies": {
        "cloc": "^2.4.0-cloc"
      }
    },
    "node_modules/cloc": {
      "version": "2.4.0-cloc",
      "resolved": "https://registry.npmjs.org/cloc/-/cloc-2.4.0-cloc.tgz",
      "integrity": "sha512-7SH5scbWgvVkg0LLUsGpCBnUnB9hCvryGFq9uZsMsuOm/JcxDs+6XB/EBuu446MzfCV0K7ydfTxB0bkEEbHHvw==",
      "license": "GPL-2.0",
      "bin": {
        "cloc": "lib/cloc"
      }
    }
  }
}
